
Microsoft Visual Studio Solution File, Format Version 12.00
# Visual Studio Version 16
VisualStudioVersion = 16.0.29709.97
MinimumVisualStudioVersion = 10.0.40219.1
Project("{FAE04EC0-301F-11D3-BF4B-00C04F79EFBC}") = "UmbracoBookmarks.Web", "UmbracoBookmarks.Web\UmbracoBookmarks.Web.csproj", "{6C8F550C-00D7-487A-92B2-381A0B88715E}"
EndProject
Global
	GlobalSection(SolutionConfigurationPlatforms) = preSolution
		Debug|Any CPU = Debug|Any CPU
		Release|Any CPU = Release|Any CPU
	EndGlobalSection
	GlobalSection(ProjectConfigurationPlatforms) = postSolution
		{6C8F550C-00D7-487A-92B2-381A0B88715E}.Debug|Any CPU.ActiveCfg = Debug|Any CPU
		{6C8F550C-00D7-487A-92B2-381A0B88715E}.Debug|Any CPU.Build.0 = Debug|Any CPU
		{6C8F550C-00D7-487A-92B2-381A0B88715E}.Release|Any CPU.ActiveCfg = Release|Any CPU
		{6C8F550C-00D7-487A-92B2-381A0B88715E}.Release|Any CPU.Build.0 = Release|Any CPU
	EndGlobalSection
	GlobalSection(SolutionProperties) = preSolution
		HideSolutionNode = FALSE
	EndGlobalSection
	GlobalSection(ExtensibilityGlobals) = postSolution
		SolutionGuid = {3598B199-DA68-4905-A414-AACEB29D0254}
	EndGlobalSection
EndGlobal
